<?xml version="1.0" encoding="utf-8"?>
<Project ToolsVersion="4.0" xmlns="http://schemas.microsoft.com/developer/msbuild/2003">
  <ItemGroup>
    <Filter Include="Source Files">
      <UniqueIdentifier>{4FC737F1-C7A5-4376-A066-2A32D752A2FF}</UniqueIdentifier>
      <Extensions>cpp;c;cc;cxx;def;odl;idl;hpj;bat;asm;asmx</Extensions>
    </Filter>
    <Filter Include="Header Files">
      <UniqueIdentifier>{93995380-89BD-4b04-88EB-625FBE52EBFB}</UniqueIdentifier>
      <Extensions>h;hpp;hxx;hm;inl;inc;xsd</Extensions>
    </Filter>
    <Filter Include="Materials">
      <UniqueIdentifier>{6c50cd77-8ba0-466b-9759-80f83b9fae60}</UniqueIdentifier>
    </Filter>
    <Filter Include="ObjectFilter">
      <UniqueIdentifier>{6b3cba63-4b33-4bd2-946a-1b66610af8cf}</UniqueIdentifier>
    </Filter>
  </ItemGroup>
  <ItemGroup>
    <ClCompile Include="Renderer.cpp">
      <Filter>Source Files</Filter>
    </ClCompile>
    <ClCompile Include="main.cpp">
      <Filter>Source Files</Filter>
    </ClCompile>
    <ClCompile Include="PrimitiveLibrary.cpp">
      <Filter>Source Files</Filter>
    </ClCompile>
    <ClCompile Include="SceneGenerator.cpp">
      <Filter>Source Files</Filter>
    </ClCompile>
    <ClCompile Include="PointLightFilter.cpp">
      <Filter>ObjectFilter</Filter>
    </ClCompile>
    <ClCompile Include="PrimitiveFilter.cpp">
      <Filter>ObjectFilter</Filter>
    </ClCompile>
    <ClCompile Include="ShadowFilter.cpp">
      <Filter>ObjectFilter</Filter>
    </ClCompile>
  </ItemGroup>
  <ItemGroup>
    <ClInclude Include="Renderer.h">
      <Filter>Header Files</Filter>
    </ClInclude>
    <ClInclude Include="PrimitiveLibrary.h">
      <Filter>Header Files</Filter>
    </ClInclude>
    <ClInclude Include="MaterialCollection.h">
      <Filter>Header Files</Filter>
    </ClInclude>
    <ClInclude Include="Materials\HeightMapMat.h">
      <Filter>Materials</Filter>
    </ClInclude>
    <ClInclude Include="SceneGenerator.h">
      <Filter>Header Files</Filter>
    </ClInclude>
    <ClInclude Include="Materials\LightMat.h">
      <Filter>Materials</Filter>
    </ClInclude>
    <ClInclude Include="Materials\CombineMat.h">
      <Filter>Materials</Filter>
    </ClInclude>
    <ClInclude Include="Materials\ShadowMat.h">
      <Filter>Materials</Filter>
    </ClInclude>
    <ClInclude Include="Materials\PlainMat.h">
      <Filter>Materials</Filter>
    </ClInclude>
    <ClInclude Include="Materials\SkyBoxMat.h">
      <Filter>Materials</Filter>
    </ClInclude>
    <ClInclude Include="FilterContainer.h">
      <Filter>ObjectFilter</Filter>
    </ClInclude>
    <ClInclude Include="PointLightFilter.h">
      <Filter>ObjectFilter</Filter>
    </ClInclude>
    <ClInclude Include="PrimitiveFilter.h">
      <Filter>ObjectFilter</Filter>
    </ClInclude>
    <ClInclude Include="ShadowFilter.h">
      <Filter>ObjectFilter</Filter>
    </ClInclude>
  </ItemGroup>
</Project>